// !$*UTF8*$!
{
	archiveVersion = 1;
	classes = {
	};
	objectVersion = 56;
	objects = {

/* Begin PBXBuildFile section */
		3543DF012AD28F5500CE858C /* TimeToShineApp.swift in Sources */ = {isa = PBXBuildFile; fileRef = 3543DF002AD28F5500CE858C /* TimeToShineApp.swift */; };
		3543DF032AD28F5500CE858C /* ContentView.swift in Sources */ = {isa = PBXBuildFile; fileRef = 3543DF022AD28F5500CE858C /* ContentView.swift */; };
		3543DF052AD28F5600CE858C /* Assets.xcassets in Resources */ = {isa = PBXBuildFile; fileRef = 3543DF042AD28F5600CE858C /* Assets.xcassets */; };
		3543DF082AD28F5600CE858C /* Preview Assets.xcassets in Resources */ = {isa = PBXBuildFile; fileRef = 3543DF072AD28F5600CE858C /* Preview Assets.xcassets */; };
		3543DF122AD28F5700CE858C /* TimeToShineTests.swift in Sources */ = {isa = PBXBuildFile; fileRef = 3543DF112AD28F5700CE858C /* TimeToShineTests.swift */; };
		3543DF1C2AD28F5700CE858C /* TimeToShineUITests.swift in Sources */ = {isa = PBXBuildFile; fileRef = 3543DF1B2AD28F5700CE858C /* TimeToShineUITests.swift */; };
		3543DF1E2AD28F5700CE858C /* TimeToShineUITestsLaunchTests.swift in Sources */ = {isa = PBXBuildFile; fileRef = 3543DF1D2AD28F5700CE858C /* TimeToShineUITestsLaunchTests.swift */; };
/* End PBXBuildFile section */

/* Begin PBXContainerItemProxy section */
		3543DF0E2AD28F5700CE858C /* PBXContainerItemProxy */ = {
			isa = PBXContainerItemProxy;
			containerPortal = 3543DEF52AD28F5500CE858C /* Project object */;
			proxyType = 1;
			remoteGlobalIDString = 3543DEFC2AD28F5500CE858C;
			remoteInfo = TimeToShine;
		};
		3543DF182AD28F5700CE858C /* PBXContainerItemProxy */ = {
			isa = PBXContainerItemProxy;
			containerPortal = 3543DEF52AD28F5500CE858C /* Project object */;
			proxyType = 1;
			remoteGlobalIDString = 3543DEFC2AD28F5500CE858C;
			remoteInfo = TimeToShine;
		};
/* End PBXContainerItemProxy section */

/* Begin PBXFileReference section */
		3543DEFD2AD28F5500CE858C /* TimeToShine.app */ = {isa = PBXFileReference; explicitFileType = wrapper.application; includeInIndex = 0; path = TimeToShine.app; sourceTree = BUILT_PRODUCTS_DIR; };
		3543DF002AD28F5500CE858C /* TimeToShineApp.swift */ = {isa = PBXFileReference; lastKnownFileType = sourcecode.swift; path = TimeToShineApp.swift; sourceTree = "<group>"; };
		3543DF022AD28F5500CE858C /* ContentView.swift */ = {isa = PBXFileReference; lastKnownFileType = sourcecode.swift; path = ContentView.swift; sourceTree = "<group>"; };
		3543DF042AD28F5600CE858C /* Assets.xcassets */ = {isa = PBXFileReference; lastKnownFileType = folder.assetcatalog; path = Assets.xcassets; sourceTree = "<group>"; };
		3543DF072AD28F5600CE858C /* Preview Assets.xcassets */ = {isa = PBXFileReference; lastKnownFileType = folder.assetcatalog; path = "Preview Assets.xcassets"; sourceTree = "<group>"; };
		3543DF0D2AD28F5700CE858C /* TimeToShineTests.xctest */ = {isa = PBXFileReference; explicitFileType = wrapper.cfbundle; includeInIndex = 0; path = TimeToShineTests.xctest; sourceTree = BUILT_PRODUCTS_DIR; };
		3543DF112AD28F5700CE858C /* TimeToShineTests.swift */ = {isa = PBXFileReference; lastKnownFileType = sourcecode.swift; path = TimeToShineTests.swift; sourceTree = "<group>"; };
		3543DF172AD28F5700CE858C /* TimeToShineUITests.xctest */ = {isa = PBXFileReference; explicitFileType = wrapper.cfbundle; includeInIndex = 0; path = TimeToShineUITests.xctest; sourceTree = BUILT_PRODUCTS_DIR; };
		3543DF1B2AD28F5700CE858C /* TimeToShineUITests.swift */ = {isa = PBXFileReference; lastKnownFileType = sourcecode.swift; path = TimeToShineUITests.swift; sourceTree = "<group>"; };
		3543DF1D2AD28F5700CE858C /* TimeToShineUITestsLaunchTests.swift */ = {isa = PBXFileReference; lastKnownFileType = sourcecode.swift; path = TimeToShineUITestsLaunchTests.swift; sourceTree = "<group>"; };
/* End PBXFileReference section */

/* Begin PBXFrameworksBuildPhase section */
		3543DEFA2AD28F5500CE858C /* Frameworks */ = {
			isa = PBXFrameworksBuildPhase;
			buildActionMask = 2147483647;
			files = (
			);
			runOnlyForDeploymentPostprocessing = 0;
		};
		3543DF0A2AD28F5700CE858C /* Frameworks */ = {
			isa = PBXFrameworksBuildPhase;
			buildActionMask = 2147483647;
			files = (
			);
			runOnlyForDeploymentPostprocessing = 0;
		};
		3543DF142AD28F5700CE858C /* Frameworks */ = {
			isa = PBXFrameworksBuildPhase;
			buildActionMask = 2147483647;
			files = (
			);
			runOnlyForDeploymentPostprocessing = 0;
		};
/* End PBXFrameworksBuildPhase section */

/* Begin PBXGroup section */
		3543DEF42AD28F5500CE858C = {
			isa = PBXGroup;
			children = (
				3543DEFF2AD28F5500CE858C /* TimeToShine */,
				3543DF102AD28F5700CE858C /* TimeToShineTests */,
				3543DF1A2AD28F5700CE858C /* TimeToShineUITests */,
				3543DEFE2AD28F5500CE858C /* Products */,
			);
			sourceTree = "<group>";
		};
		3543DEFE2AD28F5500CE858C /* Products */ = {
			isa = PBXGroup;
			children = (
				3543DEFD2AD28F5500CE858C /* TimeToShine.app */,
				3543DF0D2AD28F5700CE858C /* TimeToShineTests.xctest */,
				3543DF172AD28F5700CE858C /* TimeToShineUITests.xctest */,
			);
			name = Products;
			sourceTree = "<group>";
		};
		3543DEFF2AD28F5500CE858C /* TimeToShine */ = {
			isa = PBXGroup;
			children = (
				3543DF002AD28F5500CE858C /* TimeToShineApp.swift */,
				3543DF022AD28F5500CE858C /* ContentView.swift */,
				3543DF042AD28F5600CE858C /* Assets.xcassets */,
				3543DF062AD28F5600CE858C /* Preview Content */,
			);
			path = TimeToShine;
			sourceTree = "<group>";
		};
		3543DF062AD28F5600CE858C /* Preview Content */ = {
			isa = PBXGroup;
			children = (
				3543DF072AD28F5600CE858C /* Preview Assets.xcassets */,
			);
			path = "Preview Content";
			sourceTree = "<group>";
		};
		3543DF102AD28F5700CE858C /* TimeToShineTests */ = {
			isa = PBXGroup;
			children = (
				3543DF112AD28F5700CE858C /* TimeToShineTests.swift */,
			);
			path = TimeToShineTests;
			sourceTree = "<group>";
		};
		3543DF1A2AD28F5700CE858C /* TimeToShineUITests */ = {
			isa = PBXGroup;
			children = (
				3543DF1B2AD28F5700CE858C /* TimeToShineUITests.swift */,
				3543DF1D2AD28F5700CE858C /* TimeToShineUITestsLaunchTests.swift */,
			);
			path = TimeToShineUITests;
			sourceTree = "<group>";
		};
/* End PBXGroup section */

/* Begin PBXNativeTarget section */
		3543DEFC2AD28F5500CE858C /* TimeToShine */ = {
			isa = PBXNativeTarget;
			buildConfigurationList = 3543DF212AD28F5700CE858C /* Build configuration list for PBXNativeTarget "TimeToShine" */;
			buildPhases = (
				3543DEF92AD28F5500CE858C /* Sources */,
				3543DEFA2AD28F5500CE858C /* Frameworks */,
				3543DEFB2AD28F5500CE858C /* Resources */,
			);
			buildRules = (
			);
			dependencies = (
			);
			name = TimeToShine;
			productName = TimeToShine;
			productReference = 3543DEFD2AD28F5500CE858C /* TimeToShine.app */;
			productType = "com.apple.product-type.application";
		};
		3543DF0C2AD28F5700CE858C /* TimeToShineTests */ = {
			isa = PBXNativeTarget;
			buildConfigurationList = 3543DF242AD28F5700CE858C /* Build configuration list for PBXNativeTarget "TimeToShineTests" */;
			buildPhases = (
				3543DF092AD28F5700CE858C /* Sources */,
				3543DF0A2AD28F5700CE858C /* Frameworks */,
				3543DF0B2AD28F5700CE858C /* Resources */,
			);
			buildRules = (
			);
			dependencies = (
				3543DF0F2AD28F5700CE858C /* PBXTargetDependency */,
			);
			name = TimeToShineTests;
			productName = TimeToShineTests;
			productReference = 3543DF0D2AD28F5700CE858C /* TimeToShineTests.xctest */;
			productType = "com.apple.product-type.bundle.unit-test";
		};
		3543DF162AD28F5700CE858C /* TimeToShineUITests */ = {
			isa = PBXNativeTarget;
			buildConfigurationList = 3543DF272AD28F5700CE858C /* Build configuration list for PBXNativeTarget "TimeToShineUITests" */;
			buildPhases = (
				3543DF132AD28F5700CE858C /* Sources */,
				3543DF142AD28F5700CE858C /* Frameworks */,
				3543DF152AD28F5700CE858C /* Resources */,
			);
			buildRules = (
			);
			dependencies = (
				3543DF192AD28F5700CE858C /* PBXTargetDependency */,
			);
			name = TimeToShineUITests;
			productName = TimeToShineUITests;
			productReference = 3543DF172AD28F5700CE858C /* TimeToShineUITests.xctest */;
			productType = "com.apple.product-type.bundle.ui-testing";
		};
/* End PBXNativeTarget section */

/* Begin PBXProject section */
		3543DEF52AD28F5500CE858C /* Project object */ = {
			isa = PBXProject;
			attributes = {
				BuildIndependentTargetsInParallel = 1;
				LastSwiftUpdateCheck = 1430;
				LastUpgradeCheck = 1430;
				TargetAttributes = {
					3543DEFC2AD28F5500CE858C = {
						CreatedOnToolsVersion = 14.3.1;
					};
					3543DF0C2AD28F5700CE858C = {
						CreatedOnToolsVersion = 14.3.1;
						TestTargetID = 3543DEFC2AD28F5500CE858C;
					};
					3543DF162AD28F5700CE858C = {
						CreatedOnToolsVersion = 14.3.1;
						TestTargetID = 3543DEFC2AD28F5500CE858C;
					};
				};
			};
			buildConfigurationList = 3543DEF82AD28F5500CE858C /* Build configuration list for PBXProject "TimeToShine" */;
			compatibilityVersion = "Xcode 14.0";
			developmentRegion = en;
			hasScannedForEncodings = 0;
			knownRegions = (
				en,
				Base,
			);
			mainGroup = 3543DEF42AD28F5500CE858C;
			productRefGroup = 3543DEFE2AD28F5500CE858C /* Products */;
			projectDirPath = "";
			projectRoot = "";
			targets = (
				3543DEFC2AD28F5500CE858C /* TimeToShine */,
				3543DF0C2AD28F5700CE858C /* TimeToShineTests */,
				3543DF162AD28F5700CE858C /* TimeToShineUITests */,
			);
		};
/* End PBXProject section */

/* Begin PBXResourcesBuildPhase section */
		3543DEFB2AD28F5500CE858C /* Resources */ = {
			isa = PBXResourcesBuildPhase;
			buildActionMask = 2147483647;
			files = (
				3543DF082AD28F5600CE858C /* Preview Assets.xcassets in Resources */,
				3543DF052AD28F5600CE858C /* Assets.xcassets in Resources */,
			);
			runOnlyForDeploymentPostprocessing = 0;
		};
		3543DF0B2AD28F5700CE858C /* Resources */ = {
			isa = PBXResourcesBuildPhase;
			buildActionMask = 2147483647;
			files = (
			);
			runOnlyForDeploymentPostprocessing = 0;
		};
		3543DF152AD28F5700CE858C /* Resources */ = {
			isa = PBXResourcesBuildPhase;
			buildActionMask = 2147483647;
			files = (
			);
			runOnlyForDeploymentPostprocessing = 0;
		};
/* End PBXResourcesBuildPhase section */

/* Begin PBXSourcesBuildPhase section */
		3543DEF92AD28F5500CE858C /* Sources */ = {
			isa = PBXSourcesBuildPhase;
			buildActionMask = 2147483647;
			files = (
				3543DF032AD28F5500CE858C /* ContentView.swift in Sources */,
				3543DF012AD28F5500CE858C /* TimeToShineApp.swift in Sources */,
			);
			runOnlyForDeploymentPostprocessing = 0;
		};
		3543DF092AD28F5700CE858C /* Sources */ = {
			isa = PBXSourcesBuildPhase;
			buildActionMask = 2147483647;
			files = (
				3543DF122AD28F5700CE858C /* TimeToShineTests.swift in Sources */,
			);
			runOnlyForDeploymentPostprocessing = 0;
		};
		3543DF132AD28F5700CE858C /* Sources */ = {
			isa = PBXSourcesBuildPhase;
			buildActionMask = 2147483647;
			files = (
				3543DF1E2AD28F5700CE858C /* TimeToShineUITestsLaunchTests.swift in Sources */,
				3543DF1C2AD28F5700CE858C /* TimeToShineUITests.swift in Sources */,
			);
			runOnlyForDeploymentPostprocessing = 0;
		};
/* End PBXSourcesBuildPhase section */

/* Begin PBXTargetDependency section */
		3543DF0F2AD28F5700CE858C /* PBXTargetDependency */ = {
			isa = PBXTargetDependency;
			target = 3543DEFC2AD28F5500CE858C /* TimeToShine */;
			targetProxy = 3543DF0E2AD28F5700CE858C /* PBXContainerItemProxy */;
		};
		3543DF192AD28F5700CE858C /* PBXTargetDependency */ = {
			isa = PBXTargetDependency;
			target = 3543DEFC2AD28F5500CE858C /* TimeToShine */;
			targetProxy = 3543DF182AD28F5700CE858C /* PBXContainerItemProxy */;
		};
/* End PBXTargetDependency section */

/* Begin XCBuildConfiguration section */
		3543DF1F2AD28F5700CE858C /* Debug */ = {
			isa = XCBuildConfiguration;
			buildSettings = {
				ALWAYS_SEARCH_USER_PATHS = NO;
				CLANG_ANALYZER_NONNULL = YES;
				CLANG_ANALYZER_NUMBER_OBJECT_CONVERSION = YES_AGGRESSIVE;
				CLANG_CXX_LANGUAGE_STANDARD = "gnu++20";
				CLANG_ENABLE_MODULES = YES;
				CLANG_ENABLE_OBJC_ARC = YES;
				CLANG_ENABLE_OBJC_WEAK = YES;
				CLANG_WARN_BLOCK_CAPTURE_AUTORELEASING = YES;
				CLANG_WARN_BOOL_CONVERSION = YES;
				CLANG_WARN_COMMA = YES;
				CLANG_WARN_CONSTANT_CONVERSION = YES;
				CLANG_WARN_DEPRECATED_OBJC_IMPLEMENTATIONS = YES;
				CLANG_WARN_DIRECT_OBJC_ISA_USAGE = YES_ERROR;
				CLANG_WARN_DOCUMENTATION_COMMENTS = YES;
				CLANG_WARN_EMPTY_BODY = YES;
				CLANG_WARN_ENUM_CONVERSION = YES;
				CLANG_WARN_INFINITE_RECURSION = YES;
				CLANG_WARN_INT_CONVERSION = YES;
				CLANG_WARN_NON_LITERAL_NULL_CONVERSION = YES;
				CLANG_WARN_OBJC_IMPLICIT_RETAIN_SELF = YES;
				CLANG_WARN_OBJC_LITERAL_CONVERSION = YES;
				CLANG_WARN_OBJC_ROOT_CLASS = YES_ERROR;
				CLANG_WARN_QUOTED_INCLUDE_IN_FRAMEWORK_HEADER = YES;
				CLANG_WARN_RANGE_LOOP_ANALYSIS = YES;
				CLANG_WARN_STRICT_PROTOTYPES = YES;
				CLANG_WARN_SUSPICIOUS_MOVE = YES;
				CLANG_WARN_UNGUARDED_AVAILABILITY = YES_AGGRESSIVE;
				CLANG_WARN_UNREACHABLE_CODE = YES;
				CLANG_WARN__DUPLICATE_METHOD_MATCH = YES;
				COPY_PHASE_STRIP = NO;
				DEBUG_INFORMATION_FORMAT = dwarf;
				ENABLE_STRICT_OBJC_MSGSEND = YES;
				ENABLE_TESTABILITY = YES;
				GCC_C_LANGUAGE_STANDARD = gnu11;
				GCC_DYNAMIC_NO_PIC = NO;
				GCC_NO_COMMON_BLOCKS = YES;
				GCC_OPTIMIZATION_LEVEL = 0;
				GCC_PREPROCESSOR_DEFINITIONS = (
					"DEBUG=1",
					"$(inherited)",
				);
				GCC_WARN_64_TO_32_BIT_CONVERSION = YES;
				GCC_WARN_ABOUT_RETURN_TYPE = YES_ERROR;
				GCC_WARN_UNDECLARED_SELECTOR = YES;
				GCC_WARN_UNINITIALIZED_AUTOS = YES_AGGRESSIVE;
				GCC_WARN_UNUSED_FUNCTION = YES;
				GCC_WARN_UNUSED_VARIABLE = YES;
				IPHONEOS_DEPLOYMENT_TARGET = 16.4;
				MTL_ENABLE_DEBUG_INFO = INCLUDE_SOURCE;
				MTL_FAST_MATH = YES;
				ONLY_ACTIVE_ARCH = YES;
				SDKROOT = iphoneos;
				SWIFT_ACTIVE_COMPILATION_CONDITIONS = DEBUG;
				SWIFT_OPTIMIZATION_LEVEL = "-Onone";
			};
			name = Debug;
		};
		3543DF202AD28F5700CE858C /* Release */ = {
			isa = XCBuildConfiguration;
			buildSettings = {
				ALWAYS_SEARCH_USER_PATHS = NO;
				CLANG_ANALYZER_NONNULL = YES;
				CLANG_ANALYZER_NUMBER_OBJECT_CONVERSION = YES_AGGRESSIVE;
				CLANG_CXX_LANGUAGE_STANDARD = "gnu++20";
				CLANG_ENABLE_MODULES = YES;
				CLANG_ENABLE_OBJC_ARC = YES;
				CLANG_ENABLE_OBJC_WEAK = YES;
				CLANG_WARN_BLOCK_CAPTURE_AUTORELEASING = YES;
				CLANG_WARN_BOOL_CONVERSION = YES;
				CLANG_WARN_COMMA = YES;
				CLANG_WARN_CONSTANT_CONVERSION = YES;
				CLANG_WARN_DEPRECATED_OBJC_IMPLEMENTATIONS = YES;
				CLANG_WARN_DIRECT_OBJC_ISA_USAGE = YES_ERROR;
				CLANG_WARN_DOCUMENTATION_COMMENTS = YES;
				CLANG_WARN_EMPTY_BODY = YES;
				CLANG_WARN_ENUM_CONVERSION = YES;
				CLANG_WARN_INFINITE_RECURSION = YES;
				CLANG_WARN_INT_CONVERSION = YES;
				CLANG_WARN_NON_LITERAL_NULL_CONVERSION = YES;
				CLANG_WARN_OBJC_IMPLICIT_RETAIN_SELF = YES;
				CLANG_WARN_OBJC_LITERAL_CONVERSION = YES;
				CLANG_WARN_OBJC_ROOT_CLASS = YES_ERROR;
				CLANG_WARN_QUOTED_INCLUDE_IN_FRAMEWORK_HEADER = YES;
				CLANG_WARN_RANGE_LOOP_ANALYSIS = YES;
				CLANG_WARN_STRICT_PROTOTYPES = YES;
				CLANG_WARN_SUSPICIOUS_MOVE = YES;
				CLANG_WARN_UNGUARDED_AVAILABILITY = YES_AGGRESSIVE;
				CLANG_WARN_UNREACHABLE_CODE = YES;
				CLANG_WARN__DUPLICATE_METHOD_MATCH = YES;
				COPY_PHASE_STRIP = NO;
				DEBUG_INFORMATION_FORMAT = "dwarf-with-dsym";
				ENABLE_NS_ASSERTIONS = NO;
				ENABLE_STRICT_OBJC_MSGSEND = YES;
				GCC_C_LANGUAGE_STANDARD = gnu11;
				GCC_NO_COMMON_BLOCKS = YES;
				GCC_WARN_64_TO_32_BIT_CONVERSION = YES;
				GCC_WARN_ABOUT_RETURN_TYPE = YES_ERROR;
				GCC_WARN_UNDECLARED_SELECTOR = YES;
				GCC_WARN_UNINITIALIZED_AUTOS = YES_AGGRESSIVE;
				GCC_WARN_UNUSED_FUNCTION = YES;
				GCC_WARN_UNUSED_VARIABLE = YES;
				IPHONEOS_DEPLOYMENT_TARGET = 16.4;
				MTL_ENABLE_DEBUG_INFO = NO;
				MTL_FAST_MATH = YES;
				SDKROOT = iphoneos;
				SWIFT_COMPILATION_MODE = wholemodule;
				SWIFT_OPTIMIZATION_LEVEL = "-O";
				VALIDATE_PRODUCT = YES;
			};
			name = Release;
		};
		3543DF222AD28F5700CE858C /* Debug */ = {
			isa = XCBuildConfiguration;
			buildSettings = {
				ASSETCATALOG_COMPILER_APPICON_NAME = AppIcon;
				ASSETCATALOG_COMPILER_GLOBAL_ACCENT_COLOR_NAME = AccentColor;
				CODE_SIGN_STYLE = Automatic;
				CURRENT_PROJECT_VERSION = 1;
				DEVELOPMENT_ASSET_PATHS = "\"TimeToShine/Preview Content\"";
				ENABLE_PREVIEWS = YES;
				GENERATE_INFOPLIST_FILE = YES;
				INFOPLIST_KEY_UIApplicationSceneManifest_Generation = YES;
				INFOPLIST_KEY_UIApplicationSupportsIndirectInputEvents = YES;
				INFOPLIST_KEY_UILaunchScreen_Generation = YES;
				INFOPLIST_KEY_UISupportedInterfaceOrientations_iPad = "UIInterfaceOrientationPortrait UIInterfaceOrientationPortraitUpsideDown UIInterfaceOrientationLandscapeLeft UIInterfaceOrientationLandscapeRight";
				INFOPLIST_KEY_UISupportedInterfaceOrientations_iPhone = "UIInterfaceOrientationPortrait UIInterfaceOrientationLandscapeLeft UIInterfaceOrientationLandscapeRight";
				LD_RUNPATH_SEARCH_PATHS = (
					"$(inherited)",
					"@executable_path/Frameworks",
				);
				MARKETING_VERSION = 1.0;
				PRODUCT_BUNDLE_IDENTIFIER = bkf.TimeToShine;
				PRODUCT_NAME = "$(TARGET_NAME)";
				SWIFT_EMIT_LOC_STRINGS = YES;
				SWIFT_VERSION = 5.0;
				TARGETED_DEVICE_FAMILY = "1,2";
			};
			name = Debug;
		};
		3543DF232AD28F5700CE858C /* Release */ = {
			isa = XCBuildConfiguration;
			buildSettings = {
				ASSETCATALOG_COMPILER_APPICON_NAME = AppIcon;
				ASSETCATALOG_COMPILER_GLOBAL_ACCENT_COLOR_NAME = AccentColor;
				CODE_SIGN_STYLE = Automatic;
				CURRENT_PROJECT_VERSION = 1;
				DEVELOPMENT_ASSET_PATHS = "\"TimeToShine/Preview Content\"";
				ENABLE_PREVIEWS = YES;
				GENERATE_INFOPLIST_FILE = YES;
				INFOPLIST_KEY_UIApplicationSceneManifest_Generation = YES;
				INFOPLIST_KEY_UIApplicationSupportsIndirectInputEvents = YES;
				INFOPLIST_KEY_UILaunchScreen_Generation = YES;
				INFOPLIST_KEY_UISupportedInterfaceOrientations_iPad = "UIInterfaceOrientationPortrait UIInterfaceOrientationPortraitUpsideDown UIInterfaceOrientationLandscapeLeft UIInterfaceOrientationLandscapeRight";
				INFOPLIST_KEY_UISupportedInterfaceOrientations_iPhone = "UIInterfaceOrientationPortrait UIInterfaceOrientationLandscapeLeft UIInterfaceOrientationLandscapeRight";
				LD_RUNPATH_SEARCH_PATHS = (
					"$(inherited)",
					"@executable_path/Frameworks",
				);
				MARKETING_VERSION = 1.0;
				PRODUCT_BUNDLE_IDENTIFIER = bkf.TimeToShine;
				PRODUCT_NAME = "$(TARGET_NAME)";
				SWIFT_EMIT_LOC_STRINGS = YES;
				SWIFT_VERSION = 5.0;
				TARGETED_DEVICE_FAMILY = "1,2";
			};
			name = Release;
		};
		3543DF252AD28F5700CE858C /* Debug */ = {
			isa = XCBuildConfiguration;
			buildSettings = {
				ALWAYS_EMBED_SWIFT_STANDARD_LIBRARIES = YES;
				BUNDLE_LOADER = "$(TEST_HOST)";
				CODE_SIGN_STYLE = Automatic;
				CURRENT_PROJECT_VERSION = 1;
				GENERATE_INFOPLIST_FILE = YES;
				IPHONEOS_DEPLOYMENT_TARGET = 16.4;
				MARKETING_VERSION = 1.0;
				PRODUCT_BUNDLE_IDENTIFIER = bkf.TimeToShineTests;
				PRODUCT_NAME = "$(TARGET_NAME)";
				SWIFT_EMIT_LOC_STRINGS = NO;
				SWIFT_VERSION = 5.0;
				TARGETED_DEVICE_FAMILY = "1,2";
				TEST_HOST = "$(BUILT_PRODUCTS_DIR)/TimeToShine.app/$(BUNDLE_EXECUTABLE_FOLDER_PATH)/TimeToShine";
			};
			name = Debug;
		};
		3543DF262AD28F5700CE858C /* Release */ = {
			isa = XCBuildConfiguration;
			buildSettings = {
				ALWAYS_EMBED_SWIFT_STANDARD_LIBRARIES = YES;
				BUNDLE_LOADER = "$(TEST_HOST)";
				CODE_SIGN_STYLE = Automatic;
				CURRENT_PROJECT_VERSION = 1;
				GENERATE_INFOPLIST_FILE = YES;
				IPHONEOS_DEPLOYMENT_TARGET = 16.4;
				MARKETING_VERSION = 1.0;
				PRODUCT_BUNDLE_IDENTIFIER = bkf.TimeToShineTests;
				PRODUCT_NAME = "$(TARGET_NAME)";
				SWIFT_EMIT_LOC_STRINGS = NO;
				SWIFT_VERSION = 5.0;
				TARGETED_DEVICE_FAMILY = "1,2";
				TEST_HOST = "$(BUILT_PRODUCTS_DIR)/TimeToShine.app/$(BUNDLE_EXECUTABLE_FOLDER_PATH)/TimeToShine";
			};
			name = Release;
		};
		3543DF282AD28F5700CE858C /* Debug */ = {
			isa = XCBuildConfiguration;
			buildSettings = {
				ALWAYS_EMBED_SWIFT_STANDARD_LIBRARIES = YES;
				CODE_SIGN_STYLE = Automatic;
				CURRENT_PROJECT_VERSION = 1;
				GENERATE_INFOPLIST_FILE = YES;
				MARKETING_VERSION = 1.0;
				PRODUCT_BUNDLE_IDENTIFIER = bkf.TimeToShineUITests;
				PRODUCT_NAME = "$(TARGET_NAME)";
				SWIFT_EMIT_LOC_STRINGS = NO;
				SWIFT_VERSION = 5.0;
				TARGETED_DEVICE_FAMILY = "1,2";
				TEST_TARGET_NAME = TimeToShine;
			};
			name = Debug;
		};
		3543DF292AD28F5700CE858C /* Release */ = {
			isa = XCBuildConfiguration;
			buildSettings = {
				ALWAYS_EMBED_SWIFT_STANDARD_LIBRARIES = YES;
				CODE_SIGN_STYLE = Automatic;
				CURRENT_PROJECT_VERSION = 1;
				GENERATE_INFOPLIST_FILE = YES;
				MARKETING_VERSION = 1.0;
				PRODUCT_BUNDLE_IDENTIFIER = bkf.TimeToShineUITests;
				PRODUCT_NAME = "$(TARGET_NAME)";
				SWIFT_EMIT_LOC_STRINGS = NO;
				SWIFT_VERSION = 5.0;
				TARGETED_DEVICE_FAMILY = "1,2";
				TEST_TARGET_NAME = TimeToShine;
			};
			name = Release;
		};
/* End XCBuildConfiguration section */

/* Begin XCConfigurationList section */
		3543DEF82AD28F5500CE858C /* Build configuration list for PBXProject "TimeToShine" */ = {
			isa = XCConfigurationList;
			buildConfigurations = (
				3543DF1F2AD28F5700CE858C /* Debug */,
				3543DF202AD28F5700CE858C /* Release */,
			);
			defaultConfigurationIsVisible = 0;
			defaultConfigurationName = Release;
		};
		3543DF212AD28F5700CE858C /* Build configuration list for PBXNativeTarget "TimeToShine" */ = {
			isa = XCConfigurationList;
			buildConfigurations = (
				3543DF222AD28F5700CE858C /* Debug */,
				3543DF232AD28F5700CE858C /* Release */,
			);
			defaultConfigurationIsVisible = 0;
			defaultConfigurationName = Release;
		};
		3543DF242AD28F5700CE858C /* Build configuration list for PBXNativeTarget "TimeToShineTests" */ = {
			isa = XCConfigurationList;
			buildConfigurations = (
				3543DF252AD28F5700CE858C /* Debug */,
				3543DF262AD28F5700CE858C /* Release */,
			);
			defaultConfigurationIsVisible = 0;
			defaultConfigurationName = Release;
		};
		3543DF272AD28F5700CE858C /* Build configuration list for PBXNativeTarget "TimeToShineUITests" */ = {
			isa = XCConfigurationList;
			buildConfigurations = (
				3543DF282AD28F5700CE858C /* Debug */,
				3543DF292AD28F5700CE858C /* Release */,
			);
			defaultConfigurationIsVisible = 0;
			defaultConfigurationName = Release;
		};
/* End XCConfigurationList section */
	};
	rootObject = 3543DEF52AD28F5500CE858C /* Project object */;
}
